
Microsoft Visual Studio Solution File, Format Version 12.00
# Visual Studio 2012
Project("{F2A71F9B-5D33-465A-A702-920D77279786}") = "nml.Core", "src/core/nml.Core.fsproj", "{052EA2E7-2A4D-495A-8308-85FF00AF6137}"
EndProject
Project("{F2A71F9B-5D33-465A-A702-920D77279786}") = "nml.Interpreter", "src/interpreter/nml.Interpreter.fsproj", "{FAD85D01-B163-4F7D-882D-02FFCEAF3842}"
EndProject
Global
	GlobalSection(SolutionConfigurationPlatforms) = preSolution
		Debug|AnyCPU = Debug|AnyCPU
		Release|AnyCPU = Release|AnyCPU
	EndGlobalSection
	GlobalSection(ProjectConfigurationPlatforms) = postSolution
		{052EA2E7-2A4D-495A-8308-85FF00AF6137}.Debug|AnyCPU.ActiveCfg = Debug|AnyCPU
		{052EA2E7-2A4D-495A-8308-85FF00AF6137}.Debug|AnyCPU.Build.0 = Debug|AnyCPU
		{052EA2E7-2A4D-495A-8308-85FF00AF6137}.Release|AnyCPU.ActiveCfg = Release|AnyCPU
		{052EA2E7-2A4D-495A-8308-85FF00AF6137}.Release|AnyCPU.Build.0 = Release|AnyCPU
		{FAD85D01-B163-4F7D-882D-02FFCEAF3842}.Debug|AnyCPU.ActiveCfg = Debug|AnyCPU
		{FAD85D01-B163-4F7D-882D-02FFCEAF3842}.Debug|AnyCPU.Build.0 = Debug|AnyCPU
		{FAD85D01-B163-4F7D-882D-02FFCEAF3842}.Release|AnyCPU.ActiveCfg = Release|AnyCPU
		{FAD85D01-B163-4F7D-882D-02FFCEAF3842}.Release|AnyCPU.Build.0 = Release|AnyCPU
	EndGlobalSection
EndGlobal
